
Microsoft Visual Studio Solution File, Format Version 12.00
# Visual Studio 2013
VisualStudioVersion = 12.0.31101.0
MinimumVisualStudioVersion = 10.0.40219.1
Project("{2150E333-8FDC-42A3-9474-1A3956D46DE8}") = "Libraries", "Libraries", "{06FEAC09-5FE3-45C9-930B-38B363A9194A}"
EndProject
Project("{FAE04EC0-301F-11D3-BF4B-00C04F79EFBC}") = "PE Image", "Libraries\PE Image\PE Image.csproj", "{6C154D5F-5C39-4E84-B195-C77CA43A4307}"
EndProject
Global
	GlobalSection(SolutionConfigurationPlatforms) = preSolution
		Debug|Any CPU = Debug|Any CPU
		Release|Any CPU = Release|Any CPU
	EndGlobalSection
	GlobalSection(ProjectConfigurationPlatforms) = postSolution
		{6C154D5F-5C39-4E84-B195-C77CA43A4307}.Debug|Any CPU.ActiveCfg = Debug|Any CPU
		{6C154D5F-5C39-4E84-B195-C77CA43A4307}.Debug|Any CPU.Build.0 = Debug|Any CPU
		{6C154D5F-5C39-4E84-B195-C77CA43A4307}.Release|Any CPU.ActiveCfg = Release|Any CPU
		{6C154D5F-5C39-4E84-B195-C77CA43A4307}.Release|Any CPU.Build.0 = Release|Any CPU
	EndGlobalSection
	GlobalSection(SolutionProperties) = preSolution
		HideSolutionNode = FALSE
	EndGlobalSection
	GlobalSection(NestedProjects) = preSolution
		{6C154D5F-5C39-4E84-B195-C77CA43A4307} = {06FEAC09-5FE3-45C9-930B-38B363A9194A}
	EndGlobalSection
EndGlobal
