
Microsoft Visual Studio Solution File, Format Version 12.00
# Visual Studio 15
VisualStudioVersion = 15.0.27703.2042
MinimumVisualStudioVersion = 10.0.40219.1
Project("{9A19103F-16F7-4668-BE54-9A1E7A4F7556}") = "Workshell.PE", "src\Workshell.PE\Workshell.PE.csproj", "{2DF6E85A-7269-46C6-9032-1C3A8F029AE3}"
EndProject
Project("{FAE04EC0-301F-11D3-BF4B-00C04F79EFBC}") = "Workshell.PE.Testbed", "src\Workshell.PE.Testbed\Workshell.PE.Testbed.csproj", "{D73F5FEA-7576-4EF4-9DED-07D3F8607598}"
EndProject
Global
	GlobalSection(SolutionConfigurationPlatforms) = preSolution
		Debug|Any CPU = Debug|Any CPU
		Release|Any CPU = Release|Any CPU
	EndGlobalSection
	GlobalSection(ProjectConfigurationPlatforms) = postSolution
		{2DF6E85A-7269-46C6-9032-1C3A8F029AE3}.Debug|Any CPU.ActiveCfg = Debug|Any CPU
		{2DF6E85A-7269-46C6-9032-1C3A8F029AE3}.Debug|Any CPU.Build.0 = Debug|Any CPU
		{2DF6E85A-7269-46C6-9032-1C3A8F029AE3}.Release|Any CPU.ActiveCfg = Release|Any CPU
		{2DF6E85A-7269-46C6-9032-1C3A8F029AE3}.Release|Any CPU.Build.0 = Release|Any CPU
		{D73F5FEA-7576-4EF4-9DED-07D3F8607598}.Debug|Any CPU.ActiveCfg = Debug|Any CPU
		{D73F5FEA-7576-4EF4-9DED-07D3F8607598}.Debug|Any CPU.Build.0 = Debug|Any CPU
		{D73F5FEA-7576-4EF4-9DED-07D3F8607598}.Release|Any CPU.ActiveCfg = Release|Any CPU
		{D73F5FEA-7576-4EF4-9DED-07D3F8607598}.Release|Any CPU.Build.0 = Release|Any CPU
	EndGlobalSection
	GlobalSection(SolutionProperties) = preSolution
		HideSolutionNode = FALSE
	EndGlobalSection
	GlobalSection(ExtensibilityGlobals) = postSolution
		SolutionGuid = {D281E078-262D-4616-9157-CE1C42C0026C}
	EndGlobalSection
EndGlobal
